
Microsoft Visual Studio Solution File, Format Version 12.00
# Visual Studio Version 17
VisualStudioVersion = 17.10.34607.79
MinimumVisualStudioVersion = 10.0.40219.1
Project("{2150E333-8FDC-42A3-9474-1A3956D46DE8}") = "src", "src", "{CC96C74E-A264-4C35-ACEF-581FA418D70B}"
EndProject
Project("{2150E333-8FDC-42A3-9474-1A3956D46DE8}") = "tests", "tests", "{4433E590-C96C-4424-AA52-CD9E96626739}"
EndProject
Project("{9A19103F-16F7-4668-BE54-9A1E7A4F7556}") = "Avalonia.Controls.ItemsRepeater", "src\Avalonia.Controls.ItemsRepeater\Avalonia.Controls.ItemsRepeater.csproj", "{927EB782-5BC9-40A7-BB2D-A6B2B08EE280}"
EndProject
Project("{2150E333-8FDC-42A3-9474-1A3956D46DE8}") = "Solution Items", "Solution Items", "{DDB335CC-1E03-4947-93AF-5D5BB38F793D}"
	ProjectSection(SolutionItems) = preProject
		.editorconfig = .editorconfig
		.gitignore = .gitignore
		azure-pipelines.yml = azure-pipelines.yml
		Directory.Build.props = Directory.Build.props
		LICENSE = LICENSE
		NuGet.config = NuGet.config
		readme.md = readme.md
	EndProjectSection
EndProject
Project("{2150E333-8FDC-42A3-9474-1A3956D46DE8}") = "build", "build", "{B4BC8421-F1E2-47B9-A67D-B8A599438B21}"
	ProjectSection(SolutionItems) = preProject
		build\avalonia.snk = build\avalonia.snk
		build\NetAnalyzers.props = build\NetAnalyzers.props
		build\NullableEnable.props = build\NullableEnable.props
		build\SharedVersion.props = build\SharedVersion.props
		build\SourceLink.props = build\SourceLink.props
		build\TrimmingEnable.props = build\TrimmingEnable.props
	EndProjectSection
EndProject
Project("{FAE04EC0-301F-11D3-BF4B-00C04F79EFBC}") = "Avalonia.Controls.ItemsRepeater.UnitTests", "tests\Avalonia.Controls.ItemsRepeater.UnitTests\Avalonia.Controls.ItemsRepeater.UnitTests.csproj", "{4DCAB66C-14DC-4624-B1CD-078FBD463684}"
EndProject
Global
	GlobalSection(SolutionConfigurationPlatforms) = preSolution
		Debug|Any CPU = Debug|Any CPU
		Release|Any CPU = Release|Any CPU
	EndGlobalSection
	GlobalSection(ProjectConfigurationPlatforms) = postSolution
		{927EB782-5BC9-40A7-BB2D-A6B2B08EE280}.Debug|Any CPU.ActiveCfg = Debug|Any CPU
		{927EB782-5BC9-40A7-BB2D-A6B2B08EE280}.Debug|Any CPU.Build.0 = Debug|Any CPU
		{927EB782-5BC9-40A7-BB2D-A6B2B08EE280}.Release|Any CPU.ActiveCfg = Release|Any CPU
		{927EB782-5BC9-40A7-BB2D-A6B2B08EE280}.Release|Any CPU.Build.0 = Release|Any CPU
		{4DCAB66C-14DC-4624-B1CD-078FBD463684}.Debug|Any CPU.ActiveCfg = Debug|Any CPU
		{4DCAB66C-14DC-4624-B1CD-078FBD463684}.Debug|Any CPU.Build.0 = Debug|Any CPU
		{4DCAB66C-14DC-4624-B1CD-078FBD463684}.Release|Any CPU.ActiveCfg = Release|Any CPU
		{4DCAB66C-14DC-4624-B1CD-078FBD463684}.Release|Any CPU.Build.0 = Release|Any CPU
	EndGlobalSection
	GlobalSection(SolutionProperties) = preSolution
		HideSolutionNode = FALSE
	EndGlobalSection
	GlobalSection(NestedProjects) = preSolution
		{927EB782-5BC9-40A7-BB2D-A6B2B08EE280} = {CC96C74E-A264-4C35-ACEF-581FA418D70B}
		{B4BC8421-F1E2-47B9-A67D-B8A599438B21} = {DDB335CC-1E03-4947-93AF-5D5BB38F793D}
		{4DCAB66C-14DC-4624-B1CD-078FBD463684} = {4433E590-C96C-4424-AA52-CD9E96626739}
	EndGlobalSection
	GlobalSection(ExtensibilityGlobals) = postSolution
		SolutionGuid = {37457A63-EFC5-42C0-BF69-72BED432A4CD}
	EndGlobalSection
EndGlobal
